
Microsoft Visual Studio Solution File, Format Version 12.00
# Visual Studio Version 16
VisualStudioVersion = 16.0.30717.126
MinimumVisualStudioVersion = 10.0.40219.1
Project("{9A19103F-16F7-4668-BE54-9A1E7A4F7556}") = "Day 1 Part 1", "Day 1 Part 1\Day 1 Part 1.csproj", "{CBE79BF4-6F3B-4B7F-BD5E-19FB37E36EEF}"
EndProject
Project("{9A19103F-16F7-4668-BE54-9A1E7A4F7556}") = "Day 1 Part 2", "Day 1 Part 2\Day 1 Part 2.csproj", "{81BBF246-1118-4068-A089-0B595F9742AF}"
EndProject
Project("{9A19103F-16F7-4668-BE54-9A1E7A4F7556}") = "Day 2 Part 1", "Day 2 Part 1\Day 2 Part 1.csproj", "{AEAE8E23-4837-41D0-82BD-EA8AA3B7F84C}"
EndProject
Project("{9A19103F-16F7-4668-BE54-9A1E7A4F7556}") = "Day 2 Part 2", "Day 2 Part 2\Day 2 Part 2.csproj", "{B4A0E6C0-8B1C-4833-A7F0-7A66C0DCF4BA}"
EndProject
Project("{9A19103F-16F7-4668-BE54-9A1E7A4F7556}") = "Day 3 Part 1", "Day 3 Part 1\Day 3 Part 1.csproj", "{79BE4DB0-7240-4083-B2AB-12B5A56D1749}"
EndProject
Project("{9A19103F-16F7-4668-BE54-9A1E7A4F7556}") = "Day 3 Part 2", "Day 3 Part 2\Day 3 Part 2.csproj", "{C8A84D7F-0F4F-4C0E-B7E2-50B8E33B192E}"
EndProject
Project("{9A19103F-16F7-4668-BE54-9A1E7A4F7556}") = "Day 4 Part 1", "Day 4 Part 1\Day 4 Part 1.csproj", "{5D906A4E-ED76-439C-A795-0AF93E76E84C}"
EndProject
Project("{9A19103F-16F7-4668-BE54-9A1E7A4F7556}") = "Day 4 Part 2", "Day 4 Part 2\Day 4 Part 2.csproj", "{A8483395-2BD0-4C46-8DC4-1D461D55CDC0}"
EndProject
Project("{FAE04EC0-301F-11D3-BF4B-00C04F79EFBC}") = "Day 5 Part 1", "Day 5 Part 1\Day 5 Part 1.csproj", "{2D96A3DC-3853-4B7C-B67F-E0AEB6AF9DC7}"
EndProject
Project("{FAE04EC0-301F-11D3-BF4B-00C04F79EFBC}") = "Day 5 Part 2", "Day 5 Part 2\Day 5 Part 2.csproj", "{B7BF8237-9569-4C2B-90D9-0C6DD2023E60}"
EndProject
Global
	GlobalSection(SolutionConfigurationPlatforms) = preSolution
		Debug|Any CPU = Debug|Any CPU
		Release|Any CPU = Release|Any CPU
	EndGlobalSection
	GlobalSection(ProjectConfigurationPlatforms) = postSolution
		{CBE79BF4-6F3B-4B7F-BD5E-19FB37E36EEF}.Debug|Any CPU.ActiveCfg = Debug|Any CPU
		{CBE79BF4-6F3B-4B7F-BD5E-19FB37E36EEF}.Debug|Any CPU.Build.0 = Debug|Any CPU
		{CBE79BF4-6F3B-4B7F-BD5E-19FB37E36EEF}.Release|Any CPU.ActiveCfg = Release|Any CPU
		{CBE79BF4-6F3B-4B7F-BD5E-19FB37E36EEF}.Release|Any CPU.Build.0 = Release|Any CPU
		{81BBF246-1118-4068-A089-0B595F9742AF}.Debug|Any CPU.ActiveCfg = Debug|Any CPU
		{81BBF246-1118-4068-A089-0B595F9742AF}.Debug|Any CPU.Build.0 = Debug|Any CPU
		{81BBF246-1118-4068-A089-0B595F9742AF}.Release|Any CPU.ActiveCfg = Release|Any CPU
		{81BBF246-1118-4068-A089-0B595F9742AF}.Release|Any CPU.Build.0 = Release|Any CPU
		{AEAE8E23-4837-41D0-82BD-EA8AA3B7F84C}.Debug|Any CPU.ActiveCfg = Debug|Any CPU
		{AEAE8E23-4837-41D0-82BD-EA8AA3B7F84C}.Debug|Any CPU.Build.0 = Debug|Any CPU
		{AEAE8E23-4837-41D0-82BD-EA8AA3B7F84C}.Release|Any CPU.ActiveCfg = Release|Any CPU
		{AEAE8E23-4837-41D0-82BD-EA8AA3B7F84C}.Release|Any CPU.Build.0 = Release|Any CPU
		{B4A0E6C0-8B1C-4833-A7F0-7A66C0DCF4BA}.Debug|Any CPU.ActiveCfg = Debug|Any CPU
		{B4A0E6C0-8B1C-4833-A7F0-7A66C0DCF4BA}.Debug|Any CPU.Build.0 = Debug|Any CPU
		{B4A0E6C0-8B1C-4833-A7F0-7A66C0DCF4BA}.Release|Any CPU.ActiveCfg = Release|Any CPU
		{B4A0E6C0-8B1C-4833-A7F0-7A66C0DCF4BA}.Release|Any CPU.Build.0 = Release|Any CPU
		{79BE4DB0-7240-4083-B2AB-12B5A56D1749}.Debug|Any CPU.ActiveCfg = Debug|Any CPU
		{79BE4DB0-7240-4083-B2AB-12B5A56D1749}.Debug|Any CPU.Build.0 = Debug|Any CPU
		{79BE4DB0-7240-4083-B2AB-12B5A56D1749}.Release|Any CPU.ActiveCfg = Release|Any CPU
		{79BE4DB0-7240-4083-B2AB-12B5A56D1749}.Release|Any CPU.Build.0 = Release|Any CPU
		{C8A84D7F-0F4F-4C0E-B7E2-50B8E33B192E}.Debug|Any CPU.ActiveCfg = Debug|Any CPU
		{C8A84D7F-0F4F-4C0E-B7E2-50B8E33B192E}.Debug|Any CPU.Build.0 = Debug|Any CPU
		{C8A84D7F-0F4F-4C0E-B7E2-50B8E33B192E}.Release|Any CPU.ActiveCfg = Release|Any CPU
		{C8A84D7F-0F4F-4C0E-B7E2-50B8E33B192E}.Release|Any CPU.Build.0 = Release|Any CPU
		{5D906A4E-ED76-439C-A795-0AF93E76E84C}.Debug|Any CPU.ActiveCfg = Debug|Any CPU
		{5D906A4E-ED76-439C-A795-0AF93E76E84C}.Debug|Any CPU.Build.0 = Debug|Any CPU
		{5D906A4E-ED76-439C-A795-0AF93E76E84C}.Release|Any CPU.ActiveCfg = Release|Any CPU
		{5D906A4E-ED76-439C-A795-0AF93E76E84C}.Release|Any CPU.Build.0 = Release|Any CPU
		{A8483395-2BD0-4C46-8DC4-1D461D55CDC0}.Debug|Any CPU.ActiveCfg = Debug|Any CPU
		{A8483395-2BD0-4C46-8DC4-1D461D55CDC0}.Debug|Any CPU.Build.0 = Debug|Any CPU
		{A8483395-2BD0-4C46-8DC4-1D461D55CDC0}.Release|Any CPU.ActiveCfg = Release|Any CPU
		{A8483395-2BD0-4C46-8DC4-1D461D55CDC0}.Release|Any CPU.Build.0 = Release|Any CPU
		{2D96A3DC-3853-4B7C-B67F-E0AEB6AF9DC7}.Debug|Any CPU.ActiveCfg = Debug|Any CPU
		{2D96A3DC-3853-4B7C-B67F-E0AEB6AF9DC7}.Debug|Any CPU.Build.0 = Debug|Any CPU
		{2D96A3DC-3853-4B7C-B67F-E0AEB6AF9DC7}.Release|Any CPU.ActiveCfg = Release|Any CPU
		{2D96A3DC-3853-4B7C-B67F-E0AEB6AF9DC7}.Release|Any CPU.Build.0 = Release|Any CPU
		{B7BF8237-9569-4C2B-90D9-0C6DD2023E60}.Debug|Any CPU.ActiveCfg = Debug|Any CPU
		{B7BF8237-9569-4C2B-90D9-0C6DD2023E60}.Debug|Any CPU.Build.0 = Debug|Any CPU
		{B7BF8237-9569-4C2B-90D9-0C6DD2023E60}.Release|Any CPU.ActiveCfg = Release|Any CPU
		{B7BF8237-9569-4C2B-90D9-0C6DD2023E60}.Release|Any CPU.Build.0 = Release|Any CPU
	EndGlobalSection
	GlobalSection(SolutionProperties) = preSolution
		HideSolutionNode = FALSE
	EndGlobalSection
	GlobalSection(ExtensibilityGlobals) = postSolution
		SolutionGuid = {1476648A-3305-4DBC-ADFC-543BA4435249}
	EndGlobalSection
EndGlobal
